
Microsoft Visual Studio Solution File, Format Version 12.00
# Visual Studio Version 17
VisualStudioVersion = 17.8.34309.116
MinimumVisualStudioVersion = 10.0.40219.1
Project("{FAE04EC0-301F-11D3-BF4B-00C04F79EFBC}") = "Yield", "Yield\Yield.csproj", "{3AA05996-A921-4BF2-9D9C-3E43AA407EDB}"
EndProject
Global
	GlobalSection(SolutionConfigurationPlatforms) = preSolution
		Debug|Any CPU = Debug|Any CPU
		Release|Any CPU = Release|Any CPU
	EndGlobalSection
	GlobalSection(ProjectConfigurationPlatforms) = postSolution
		{3AA05996-A921-4BF2-9D9C-3E43AA407EDB}.Debug|Any CPU.ActiveCfg = Debug|Any CPU
		{3AA05996-A921-4BF2-9D9C-3E43AA407EDB}.Debug|Any CPU.Build.0 = Debug|Any CPU
		{3AA05996-A921-4BF2-9D9C-3E43AA407EDB}.Release|Any CPU.ActiveCfg = Release|Any CPU
		{3AA05996-A921-4BF2-9D9C-3E43AA407EDB}.Release|Any CPU.Build.0 = Release|Any CPU
	EndGlobalSection
	GlobalSection(SolutionProperties) = preSolution
		HideSolutionNode = FALSE
	EndGlobalSection
	GlobalSection(ExtensibilityGlobals) = postSolution
		SolutionGuid = {4A2A5406-CCDC-451C-8926-B7EB361F1437}
	EndGlobalSection
EndGlobal
